
Microsoft Visual Studio Solution File, Format Version 12.00
# Visual Studio 15
VisualStudioVersion = 15.0.28307.1927
MinimumVisualStudioVersion = 10.0.40219.1
Project("{FAE04EC0-301F-11D3-BF4B-00C04F79EFBC}") = "GroupChatClient", "ChatClient\GroupChatClient.csproj", "{1E7E2F2A-4D01-45B9-AC8F-C6E4FE1C5F43}"
EndProject
Global
	GlobalSection(SolutionConfigurationPlatforms) = preSolution
		Debug|Any CPU = Debug|Any CPU
		Release|Any CPU = Release|Any CPU
	EndGlobalSection
	GlobalSection(ProjectConfigurationPlatforms) = postSolution
		{1E7E2F2A-4D01-45B9-AC8F-C6E4FE1C5F43}.Debug|Any CPU.ActiveCfg = Debug|Any CPU
		{1E7E2F2A-4D01-45B9-AC8F-C6E4FE1C5F43}.Debug|Any CPU.Build.0 = Debug|Any CPU
		{1E7E2F2A-4D01-45B9-AC8F-C6E4FE1C5F43}.Release|Any CPU.ActiveCfg = Release|Any CPU
		{1E7E2F2A-4D01-45B9-AC8F-C6E4FE1C5F43}.Release|Any CPU.Build.0 = Release|Any CPU
	EndGlobalSection
	GlobalSection(SolutionProperties) = preSolution
		HideSolutionNode = FALSE
	EndGlobalSection
	GlobalSection(ExtensibilityGlobals) = postSolution
		SolutionGuid = {C835A229-1B11-4B93-A105-80B3880B2A51}
	EndGlobalSection
EndGlobal
