
Microsoft Visual Studio Solution File, Format Version 12.00
# Visual Studio Version 17
VisualStudioVersion = 17.2.32526.322
MinimumVisualStudioVersion = 10.0.40219.1
Project("{FAE04EC0-301F-11D3-BF4B-00C04F79EFBC}") = "LunchRoulette", "LunchRoulette\LunchRoulette.csproj", "{0B5D38E4-5A06-465A-967C-6543588CDD4D}"
EndProject
Global
	GlobalSection(SolutionConfigurationPlatforms) = preSolution
		Debug|Any CPU = Debug|Any CPU
		Release|Any CPU = Release|Any CPU
	EndGlobalSection
	GlobalSection(ProjectConfigurationPlatforms) = postSolution
		{0B5D38E4-5A06-465A-967C-6543588CDD4D}.Debug|Any CPU.ActiveCfg = Debug|Any CPU
		{0B5D38E4-5A06-465A-967C-6543588CDD4D}.Debug|Any CPU.Build.0 = Debug|Any CPU
		{0B5D38E4-5A06-465A-967C-6543588CDD4D}.Release|Any CPU.ActiveCfg = Release|Any CPU
		{0B5D38E4-5A06-465A-967C-6543588CDD4D}.Release|Any CPU.Build.0 = Release|Any CPU
	EndGlobalSection
	GlobalSection(SolutionProperties) = preSolution
		HideSolutionNode = FALSE
	EndGlobalSection
	GlobalSection(ExtensibilityGlobals) = postSolution
		SolutionGuid = {D7785D69-15ED-40E1-AB31-38CD87BEFD56}
	EndGlobalSection
EndGlobal
